// !$*UTF8*$!
{
	archiveVersion = 1;
	classes = {
	};
	objectVersion = 56;
	objects = {

/* Begin PBXBuildFile section */
		0B8FF05EBFDE4DAE044C1409 /* Pods_ChatGPT.framework in Frameworks */ = {isa = PBXBuildFile; fileRef = 4E6B738F232456EA7980F720 /* Pods_ChatGPT.framework */; };
		6628F79F29E1A577009C03E8 /* APIKeyModel.swift in Sources */ = {isa = PBXBuildFile; fileRef = 6628F79E29E1A577009C03E8 /* APIKeyModel.swift */; };
		6628F7A229E1AA14009C03E8 /* DBManager.swift in Sources */ = {isa = PBXBuildFile; fileRef = 6628F7A129E1AA14009C03E8 /* DBManager.swift */; };
		66D11AF929E3013D00FDB9A2 /* ChatCell.swift in Sources */ = {isa = PBXBuildFile; fileRef = 66D11AF829E3013D00FDB9A2 /* ChatCell.swift */; };
		66D11AFB29E302A500FDB9A2 /* ChatInputView.swift in Sources */ = {isa = PBXBuildFile; fileRef = 66D11AFA29E302A500FDB9A2 /* ChatInputView.swift */; };
		96D0E87E29DB184500AAB655 /* ChatGPTApp.swift in Sources */ = {isa = PBXBuildFile; fileRef = 96D0E87D29DB184500AAB655 /* ChatGPTApp.swift */; };
		96D0E88229DB184A00AAB655 /* Assets.xcassets in Resources */ = {isa = PBXBuildFile; fileRef = 96D0E88129DB184A00AAB655 /* Assets.xcassets */; };
		96D0E88529DB184A00AAB655 /* Preview Assets.xcassets in Resources */ = {isa = PBXBuildFile; fileRef = 96D0E88429DB184A00AAB655 /* Preview Assets.xcassets */; };
		96D0E8AC29DC7B4000AAB655 /* ChatView.swift in Sources */ = {isa = PBXBuildFile; fileRef = 96D0E8AB29DC7B4000AAB655 /* ChatView.swift */; };
		96D0E8AE29DC7B4600AAB655 /* ChatModel.swift in Sources */ = {isa = PBXBuildFile; fileRef = 96D0E8AD29DC7B4600AAB655 /* ChatModel.swift */; };
		96D0E8B029DC7B6400AAB655 /* ChatSettingView.swift in Sources */ = {isa = PBXBuildFile; fileRef = 96D0E8AF29DC7B6400AAB655 /* ChatSettingView.swift */; };
/* End PBXBuildFile section */

/* Begin PBXFileReference section */
		23C9891ECA37E3F96FFE46EB /* Pods-ChatGPT.debug.xcconfig */ = {isa = PBXFileReference; includeInIndex = 1; lastKnownFileType = text.xcconfig; name = "Pods-ChatGPT.debug.xcconfig"; path = "Target Support Files/Pods-ChatGPT/Pods-ChatGPT.debug.xcconfig"; sourceTree = "<group>"; };
		3BBDABBC57CA22EBD8CEF771 /* Pods-ChatGPT.release.xcconfig */ = {isa = PBXFileReference; includeInIndex = 1; lastKnownFileType = text.xcconfig; name = "Pods-ChatGPT.release.xcconfig"; path = "Target Support Files/Pods-ChatGPT/Pods-ChatGPT.release.xcconfig"; sourceTree = "<group>"; };
		4E6B738F232456EA7980F720 /* Pods_ChatGPT.framework */ = {isa = PBXFileReference; explicitFileType = wrapper.framework; includeInIndex = 0; path = Pods_ChatGPT.framework; sourceTree = BUILT_PRODUCTS_DIR; };
		6628F79E29E1A577009C03E8 /* APIKeyModel.swift */ = {isa = PBXFileReference; lastKnownFileType = sourcecode.swift; path = APIKeyModel.swift; sourceTree = "<group>"; };
		6628F7A129E1AA14009C03E8 /* DBManager.swift */ = {isa = PBXFileReference; lastKnownFileType = sourcecode.swift; path = DBManager.swift; sourceTree = "<group>"; };
		66D11AF829E3013D00FDB9A2 /* ChatCell.swift */ = {isa = PBXFileReference; lastKnownFileType = sourcecode.swift; path = ChatCell.swift; sourceTree = "<group>"; };
		66D11AFA29E302A500FDB9A2 /* ChatInputView.swift */ = {isa = PBXFileReference; lastKnownFileType = sourcecode.swift; path = ChatInputView.swift; sourceTree = "<group>"; };
		96D0E87A29DB184500AAB655 /* ChatGPT.app */ = {isa = PBXFileReference; explicitFileType = wrapper.application; includeInIndex = 0; path = ChatGPT.app; sourceTree = BUILT_PRODUCTS_DIR; };
		96D0E87D29DB184500AAB655 /* ChatGPTApp.swift */ = {isa = PBXFileReference; lastKnownFileType = sourcecode.swift; path = ChatGPTApp.swift; sourceTree = "<group>"; };
		96D0E88129DB184A00AAB655 /* Assets.xcassets */ = {isa = PBXFileReference; lastKnownFileType = folder.assetcatalog; path = Assets.xcassets; sourceTree = "<group>"; };
		96D0E88429DB184A00AAB655 /* Preview Assets.xcassets */ = {isa = PBXFileReference; lastKnownFileType = folder.assetcatalog; path = "Preview Assets.xcassets"; sourceTree = "<group>"; };
		96D0E8AB29DC7B4000AAB655 /* ChatView.swift */ = {isa = PBXFileReference; fileEncoding = 4; lastKnownFileType = sourcecode.swift; path = ChatView.swift; sourceTree = "<group>"; };
		96D0E8AD29DC7B4600AAB655 /* ChatModel.swift */ = {isa = PBXFileReference; fileEncoding = 4; lastKnownFileType = sourcecode.swift; path = ChatModel.swift; sourceTree = "<group>"; };
		96D0E8AF29DC7B6400AAB655 /* ChatSettingView.swift */ = {isa = PBXFileReference; lastKnownFileType = sourcecode.swift; path = ChatSettingView.swift; sourceTree = "<group>"; };
/* End PBXFileReference section */

/* Begin PBXFrameworksBuildPhase section */
		96D0E87729DB184500AAB655 /* Frameworks */ = {
			isa = PBXFrameworksBuildPhase;
			buildActionMask = 2147483647;
			files = (
				0B8FF05EBFDE4DAE044C1409 /* Pods_ChatGPT.framework in Frameworks */,
			);
			runOnlyForDeploymentPostprocessing = 0;
		};
/* End PBXFrameworksBuildPhase section */

/* Begin PBXGroup section */
		0C217CAB22F75B8725D39391 /* Pods */ = {
			isa = PBXGroup;
			children = (
				23C9891ECA37E3F96FFE46EB /* Pods-ChatGPT.debug.xcconfig */,
				3BBDABBC57CA22EBD8CEF771 /* Pods-ChatGPT.release.xcconfig */,
			);
			path = Pods;
			sourceTree = "<group>";
		};
		6628F7A029E1AA08009C03E8 /* Command */ = {
			isa = PBXGroup;
			children = (
				6628F7A129E1AA14009C03E8 /* DBManager.swift */,
			);
			path = Command;
			sourceTree = "<group>";
		};
		96D0E87129DB184500AAB655 = {
			isa = PBXGroup;
			children = (
				96D0E87C29DB184500AAB655 /* ChatGPT */,
				96D0E87B29DB184500AAB655 /* Products */,
				0C217CAB22F75B8725D39391 /* Pods */,
				AF37FDD2F0ED43F5AFA0F0FE /* Frameworks */,
			);
			sourceTree = "<group>";
		};
		96D0E87B29DB184500AAB655 /* Products */ = {
			isa = PBXGroup;
			children = (
				96D0E87A29DB184500AAB655 /* ChatGPT.app */,
			);
			name = Products;
			sourceTree = "<group>";
		};
		96D0E87C29DB184500AAB655 /* ChatGPT */ = {
			isa = PBXGroup;
			children = (
				6628F7A029E1AA08009C03E8 /* Command */,
				96D0E87D29DB184500AAB655 /* ChatGPTApp.swift */,
				96D0E8A929DC7B2800AAB655 /* Model */,
				96D0E8AA29DC7B2800AAB655 /* View */,
				96D0E88129DB184A00AAB655 /* Assets.xcassets */,
				96D0E88329DB184A00AAB655 /* Preview Content */,
			);
			path = ChatGPT;
			sourceTree = "<group>";
		};
		96D0E88329DB184A00AAB655 /* Preview Content */ = {
			isa = PBXGroup;
			children = (
				96D0E88429DB184A00AAB655 /* Preview Assets.xcassets */,
			);
			path = "Preview Content";
			sourceTree = "<group>";
		};
		96D0E8A929DC7B2800AAB655 /* Model */ = {
			isa = PBXGroup;
			children = (
				96D0E8AD29DC7B4600AAB655 /* ChatModel.swift */,
				6628F79E29E1A577009C03E8 /* APIKeyModel.swift */,
			);
			path = Model;
			sourceTree = "<group>";
		};
		96D0E8AA29DC7B2800AAB655 /* View */ = {
			isa = PBXGroup;
			children = (
				96D0E8AB29DC7B4000AAB655 /* ChatView.swift */,
				96D0E8AF29DC7B6400AAB655 /* ChatSettingView.swift */,
				66D11AF829E3013D00FDB9A2 /* ChatCell.swift */,
				66D11AFA29E302A500FDB9A2 /* ChatInputView.swift */,
			);
			path = View;
			sourceTree = "<group>";
		};
		AF37FDD2F0ED43F5AFA0F0FE /* Frameworks */ = {
			isa = PBXGroup;
			children = (
				4E6B738F232456EA7980F720 /* Pods_ChatGPT.framework */,
			);
			name = Frameworks;
			sourceTree = "<group>";
		};
/* End PBXGroup section */

/* Begin PBXNativeTarget section */
		96D0E87929DB184500AAB655 /* ChatGPT */ = {
			isa = PBXNativeTarget;
			buildConfigurationList = 96D0E88829DB184A00AAB655 /* Build configuration list for PBXNativeTarget "ChatGPT" */;
			buildPhases = (
				F67C7D66F14C10472F9D8F8F /* [CP] Check Pods Manifest.lock */,
				96D0E87629DB184500AAB655 /* Sources */,
				96D0E87729DB184500AAB655 /* Frameworks */,
				96D0E87829DB184500AAB655 /* Resources */,
				5CF51AB82C22549CD51F4127 /* [CP] Embed Pods Frameworks */,
			);
			buildRules = (
			);
			dependencies = (
			);
			name = ChatGPT;
			productName = ChatGPT;
			productReference = 96D0E87A29DB184500AAB655 /* ChatGPT.app */;
			productType = "com.apple.product-type.application";
		};
/* End PBXNativeTarget section */

/* Begin PBXProject section */
		96D0E87229DB184500AAB655 /* Project object */ = {
			isa = PBXProject;
			attributes = {
				BuildIndependentTargetsInParallel = 1;
				LastSwiftUpdateCheck = 1420;
				LastUpgradeCheck = 1420;
				TargetAttributes = {
					96D0E87929DB184500AAB655 = {
						CreatedOnToolsVersion = 14.2;
					};
				};
			};
			buildConfigurationList = 96D0E87529DB184500AAB655 /* Build configuration list for PBXProject "ChatGPT" */;
			compatibilityVersion = "Xcode 14.0";
			developmentRegion = en;
			hasScannedForEncodings = 0;
			knownRegions = (
				en,
				Base,
			);
			mainGroup = 96D0E87129DB184500AAB655;
			productRefGroup = 96D0E87B29DB184500AAB655 /* Products */;
			projectDirPath = "";
			projectRoot = "";
			targets = (
				96D0E87929DB184500AAB655 /* ChatGPT */,
			);
		};
/* End PBXProject section */

/* Begin PBXResourcesBuildPhase section */
		96D0E87829DB184500AAB655 /* Resources */ = {
			isa = PBXResourcesBuildPhase;
			buildActionMask = 2147483647;
			files = (
				96D0E88529DB184A00AAB655 /* Preview Assets.xcassets in Resources */,
				96D0E88229DB184A00AAB655 /* Assets.xcassets in Resources */,
			);
			runOnlyForDeploymentPostprocessing = 0;
		};
/* End PBXResourcesBuildPhase section */

/* Begin PBXShellScriptBuildPhase section */
		5CF51AB82C22549CD51F4127 /* [CP] Embed Pods Frameworks */ = {
			isa = PBXShellScriptBuildPhase;
			buildActionMask = 2147483647;
			files = (
			);
			inputFileListPaths = (
				"${PODS_ROOT}/Target Support Files/Pods-ChatGPT/Pods-ChatGPT-frameworks-${CONFIGURATION}-input-files.xcfilelist",
			);
			name = "[CP] Embed Pods Frameworks";
			outputFileListPaths = (
				"${PODS_ROOT}/Target Support Files/Pods-ChatGPT/Pods-ChatGPT-frameworks-${CONFIGURATION}-output-files.xcfilelist",
			);
			runOnlyForDeploymentPostprocessing = 0;
			shellPath = /bin/sh;
			shellScript = "\"${PODS_ROOT}/Target Support Files/Pods-ChatGPT/Pods-ChatGPT-frameworks.sh\"\n";
			showEnvVarsInLog = 0;
		};
		F67C7D66F14C10472F9D8F8F /* [CP] Check Pods Manifest.lock */ = {
			isa = PBXShellScriptBuildPhase;
			buildActionMask = 2147483647;
			files = (
			);
			inputFileListPaths = (
			);
			inputPaths = (
				"${PODS_PODFILE_DIR_PATH}/Podfile.lock",
				"${PODS_ROOT}/Manifest.lock",
			);
			name = "[CP] Check Pods Manifest.lock";
			outputFileListPaths = (
			);
			outputPaths = (
				"$(DERIVED_FILE_DIR)/Pods-ChatGPT-checkManifestLockResult.txt",
			);
			runOnlyForDeploymentPostprocessing = 0;
			shellPath = /bin/sh;
			shellScript = "diff \"${PODS_PODFILE_DIR_PATH}/Podfile.lock\" \"${PODS_ROOT}/Manifest.lock\" > /dev/null\nif [ $? != 0 ] ; then\n    # print error to STDERR\n    echo \"error: The sandbox is not in sync with the Podfile.lock. Run 'pod install' or update your CocoaPods installation.\" >&2\n    exit 1\nfi\n# This output is used by Xcode 'outputs' to avoid re-running this script phase.\necho \"SUCCESS\" > \"${SCRIPT_OUTPUT_FILE_0}\"\n";
			showEnvVarsInLog = 0;
		};
/* End PBXShellScriptBuildPhase section */

/* Begin PBXSourcesBuildPhase section */
		96D0E87629DB184500AAB655 /* Sources */ = {
			isa = PBXSourcesBuildPhase;
			buildActionMask = 2147483647;
			files = (
				6628F79F29E1A577009C03E8 /* APIKeyModel.swift in Sources */,
				66D11AFB29E302A500FDB9A2 /* ChatInputView.swift in Sources */,
				6628F7A229E1AA14009C03E8 /* DBManager.swift in Sources */,
				96D0E8AC29DC7B4000AAB655 /* ChatView.swift in Sources */,
				96D0E8B029DC7B6400AAB655 /* ChatSettingView.swift in Sources */,
				66D11AF929E3013D00FDB9A2 /* ChatCell.swift in Sources */,
				96D0E87E29DB184500AAB655 /* ChatGPTApp.swift in Sources */,
				96D0E8AE29DC7B4600AAB655 /* ChatModel.swift in Sources */,
			);
			runOnlyForDeploymentPostprocessing = 0;
		};
/* End PBXSourcesBuildPhase section */

/* Begin XCBuildConfiguration section */
		96D0E88629DB184A00AAB655 /* Debug */ = {
			isa = XCBuildConfiguration;
			buildSettings = {
				ALWAYS_SEARCH_USER_PATHS = NO;
				CLANG_ANALYZER_NONNULL = YES;
				CLANG_ANALYZER_NUMBER_OBJECT_CONVERSION = YES_AGGRESSIVE;
				CLANG_CXX_LANGUAGE_STANDARD = "gnu++20";
				CLANG_ENABLE_MODULES = YES;
				CLANG_ENABLE_OBJC_ARC = YES;
				CLANG_ENABLE_OBJC_WEAK = YES;
				CLANG_WARN_BLOCK_CAPTURE_AUTORELEASING = YES;
				CLANG_WARN_BOOL_CONVERSION = YES;
				CLANG_WARN_COMMA = YES;
				CLANG_WARN_CONSTANT_CONVERSION = YES;
				CLANG_WARN_DEPRECATED_OBJC_IMPLEMENTATIONS = YES;
				CLANG_WARN_DIRECT_OBJC_ISA_USAGE = YES_ERROR;
				CLANG_WARN_DOCUMENTATION_COMMENTS = YES;
				CLANG_WARN_EMPTY_BODY = YES;
				CLANG_WARN_ENUM_CONVERSION = YES;
				CLANG_WARN_INFINITE_RECURSION = YES;
				CLANG_WARN_INT_CONVERSION = YES;
				CLANG_WARN_NON_LITERAL_NULL_CONVERSION = YES;
				CLANG_WARN_OBJC_IMPLICIT_RETAIN_SELF = YES;
				CLANG_WARN_OBJC_LITERAL_CONVERSION = YES;
				CLANG_WARN_OBJC_ROOT_CLASS = YES_ERROR;
				CLANG_WARN_QUOTED_INCLUDE_IN_FRAMEWORK_HEADER = YES;
				CLANG_WARN_RANGE_LOOP_ANALYSIS = YES;
				CLANG_WARN_STRICT_PROTOTYPES = YES;
				CLANG_WARN_SUSPICIOUS_MOVE = YES;
				CLANG_WARN_UNGUARDED_AVAILABILITY = YES_AGGRESSIVE;
				CLANG_WARN_UNREACHABLE_CODE = YES;
				CLANG_WARN__DUPLICATE_METHOD_MATCH = YES;
				COPY_PHASE_STRIP = NO;
				DEBUG_INFORMATION_FORMAT = dwarf;
				ENABLE_STRICT_OBJC_MSGSEND = YES;
				ENABLE_TESTABILITY = YES;
				GCC_C_LANGUAGE_STANDARD = gnu11;
				GCC_DYNAMIC_NO_PIC = NO;
				GCC_NO_COMMON_BLOCKS = YES;
				GCC_OPTIMIZATION_LEVEL = 0;
				GCC_PREPROCESSOR_DEFINITIONS = (
					"DEBUG=1",
					"$(inherited)",
				);
				GCC_WARN_64_TO_32_BIT_CONVERSION = YES;
				GCC_WARN_ABOUT_RETURN_TYPE = YES_ERROR;
				GCC_WARN_UNDECLARED_SELECTOR = YES;
				GCC_WARN_UNINITIALIZED_AUTOS = YES_AGGRESSIVE;
				GCC_WARN_UNUSED_FUNCTION = YES;
				GCC_WARN_UNUSED_VARIABLE = YES;
				IPHONEOS_DEPLOYMENT_TARGET = 16.2;
				MTL_ENABLE_DEBUG_INFO = INCLUDE_SOURCE;
				MTL_FAST_MATH = YES;
				ONLY_ACTIVE_ARCH = YES;
				SDKROOT = iphoneos;
				SWIFT_ACTIVE_COMPILATION_CONDITIONS = DEBUG;
				SWIFT_OPTIMIZATION_LEVEL = "-Onone";
			};
			name = Debug;
		};
		96D0E88729DB184A00AAB655 /* Release */ = {
			isa = XCBuildConfiguration;
			buildSettings = {
				ALWAYS_SEARCH_USER_PATHS = NO;
				CLANG_ANALYZER_NONNULL = YES;
				CLANG_ANALYZER_NUMBER_OBJECT_CONVERSION = YES_AGGRESSIVE;
				CLANG_CXX_LANGUAGE_STANDARD = "gnu++20";
				CLANG_ENABLE_MODULES = YES;
				CLANG_ENABLE_OBJC_ARC = YES;
				CLANG_ENABLE_OBJC_WEAK = YES;
				CLANG_WARN_BLOCK_CAPTURE_AUTORELEASING = YES;
				CLANG_WARN_BOOL_CONVERSION = YES;
				CLANG_WARN_COMMA = YES;
				CLANG_WARN_CONSTANT_CONVERSION = YES;
				CLANG_WARN_DEPRECATED_OBJC_IMPLEMENTATIONS = YES;
				CLANG_WARN_DIRECT_OBJC_ISA_USAGE = YES_ERROR;
				CLANG_WARN_DOCUMENTATION_COMMENTS = YES;
				CLANG_WARN_EMPTY_BODY = YES;
				CLANG_WARN_ENUM_CONVERSION = YES;
				CLANG_WARN_INFINITE_RECURSION = YES;
				CLANG_WARN_INT_CONVERSION = YES;
				CLANG_WARN_NON_LITERAL_NULL_CONVERSION = YES;
				CLANG_WARN_OBJC_IMPLICIT_RETAIN_SELF = YES;
				CLANG_WARN_OBJC_LITERAL_CONVERSION = YES;
				CLANG_WARN_OBJC_ROOT_CLASS = YES_ERROR;
				CLANG_WARN_QUOTED_INCLUDE_IN_FRAMEWORK_HEADER = YES;
				CLANG_WARN_RANGE_LOOP_ANALYSIS = YES;
				CLANG_WARN_STRICT_PROTOTYPES = YES;
				CLANG_WARN_SUSPICIOUS_MOVE = YES;
				CLANG_WARN_UNGUARDED_AVAILABILITY = YES_AGGRESSIVE;
				CLANG_WARN_UNREACHABLE_CODE = YES;
				CLANG_WARN__DUPLICATE_METHOD_MATCH = YES;
				COPY_PHASE_STRIP = NO;
				DEBUG_INFORMATION_FORMAT = "dwarf-with-dsym";
				ENABLE_NS_ASSERTIONS = NO;
				ENABLE_STRICT_OBJC_MSGSEND = YES;
				GCC_C_LANGUAGE_STANDARD = gnu11;
				GCC_NO_COMMON_BLOCKS = YES;
				GCC_WARN_64_TO_32_BIT_CONVERSION = YES;
				GCC_WARN_ABOUT_RETURN_TYPE = YES_ERROR;
				GCC_WARN_UNDECLARED_SELECTOR = YES;
				GCC_WARN_UNINITIALIZED_AUTOS = YES_AGGRESSIVE;
				GCC_WARN_UNUSED_FUNCTION = YES;
				GCC_WARN_UNUSED_VARIABLE = YES;
				IPHONEOS_DEPLOYMENT_TARGET = 16.2;
				MTL_ENABLE_DEBUG_INFO = NO;
				MTL_FAST_MATH = YES;
				SDKROOT = iphoneos;
				SWIFT_COMPILATION_MODE = wholemodule;
				SWIFT_OPTIMIZATION_LEVEL = "-O";
				VALIDATE_PRODUCT = YES;
			};
			name = Release;
		};
		96D0E88929DB184A00AAB655 /* Debug */ = {
			isa = XCBuildConfiguration;
			baseConfigurationReference = 23C9891ECA37E3F96FFE46EB /* Pods-ChatGPT.debug.xcconfig */;
			buildSettings = {
				ASSETCATALOG_COMPILER_APPICON_NAME = AppIcon;
				ASSETCATALOG_COMPILER_GLOBAL_ACCENT_COLOR_NAME = AccentColor;
				CODE_SIGN_STYLE = Automatic;
				CURRENT_PROJECT_VERSION = 1;
				DEVELOPMENT_ASSET_PATHS = "\"ChatGPT/Preview Content\"";
				DEVELOPMENT_TEAM = F5S3CD83Z4;
				ENABLE_PREVIEWS = YES;
				GENERATE_INFOPLIST_FILE = YES;
				INFOPLIST_KEY_UIApplicationSceneManifest_Generation = YES;
				INFOPLIST_KEY_UIApplicationSupportsIndirectInputEvents = YES;
				INFOPLIST_KEY_UILaunchScreen_Generation = YES;
				INFOPLIST_KEY_UISupportedInterfaceOrientations_iPad = "UIInterfaceOrientationPortrait UIInterfaceOrientationPortraitUpsideDown UIInterfaceOrientationLandscapeLeft UIInterfaceOrientationLandscapeRight";
				INFOPLIST_KEY_UISupportedInterfaceOrientations_iPhone = "UIInterfaceOrientationPortrait UIInterfaceOrientationLandscapeLeft UIInterfaceOrientationLandscapeRight";
				IPHONEOS_DEPLOYMENT_TARGET = 15.0;
				LD_RUNPATH_SEARCH_PATHS = (
					"$(inherited)",
					"@executable_path/Frameworks",
				);
				MACOSX_DEPLOYMENT_TARGET = 12.4;
				MARKETING_VERSION = 1.0;
				PRODUCT_BUNDLE_IDENTIFIER = com.lazyloading.ChatGPT;
				PRODUCT_NAME = "$(TARGET_NAME)";
				SUPPORTED_PLATFORMS = "iphoneos iphonesimulator macosx";
				SUPPORTS_MACCATALYST = NO;
				SUPPORTS_MAC_DESIGNED_FOR_IPHONE_IPAD = YES;
				SWIFT_EMIT_LOC_STRINGS = YES;
				SWIFT_VERSION = 5.0;
				TARGETED_DEVICE_FAMILY = "1,2";
			};
			name = Debug;
		};
		96D0E88A29DB184A00AAB655 /* Release */ = {
			isa = XCBuildConfiguration;
			baseConfigurationReference = 3BBDABBC57CA22EBD8CEF771 /* Pods-ChatGPT.release.xcconfig */;
			buildSettings = {
				ASSETCATALOG_COMPILER_APPICON_NAME = AppIcon;
				ASSETCATALOG_COMPILER_GLOBAL_ACCENT_COLOR_NAME = AccentColor;
				CODE_SIGN_STYLE = Automatic;
				CURRENT_PROJECT_VERSION = 1;
				DEVELOPMENT_ASSET_PATHS = "\"ChatGPT/Preview Content\"";
				DEVELOPMENT_TEAM = F5S3CD83Z4;
				ENABLE_PREVIEWS = YES;
				GENERATE_INFOPLIST_FILE = YES;
				INFOPLIST_KEY_UIApplicationSceneManifest_Generation = YES;
				INFOPLIST_KEY_UIApplicationSupportsIndirectInputEvents = YES;
				INFOPLIST_KEY_UILaunchScreen_Generation = YES;
				INFOPLIST_KEY_UISupportedInterfaceOrientations_iPad = "UIInterfaceOrientationPortrait UIInterfaceOrientationPortraitUpsideDown UIInterfaceOrientationLandscapeLeft UIInterfaceOrientationLandscapeRight";
				INFOPLIST_KEY_UISupportedInterfaceOrientations_iPhone = "UIInterfaceOrientationPortrait UIInterfaceOrientationLandscapeLeft UIInterfaceOrientationLandscapeRight";
				IPHONEOS_DEPLOYMENT_TARGET = 15.0;
				LD_RUNPATH_SEARCH_PATHS = (
					"$(inherited)",
					"@executable_path/Frameworks",
				);
				MACOSX_DEPLOYMENT_TARGET = 12.4;
				MARKETING_VERSION = 1.0;
				PRODUCT_BUNDLE_IDENTIFIER = com.lazyloading.ChatGPT;
				PRODUCT_NAME = "$(TARGET_NAME)";
				SUPPORTED_PLATFORMS = "iphoneos iphonesimulator macosx";
				SUPPORTS_MACCATALYST = NO;
				SUPPORTS_MAC_DESIGNED_FOR_IPHONE_IPAD = YES;
				SWIFT_EMIT_LOC_STRINGS = YES;
				SWIFT_VERSION = 5.0;
				TARGETED_DEVICE_FAMILY = "1,2";
			};
			name = Release;
		};
/* End XCBuildConfiguration section */

/* Begin XCConfigurationList section */
		96D0E87529DB184500AAB655 /* Build configuration list for PBXProject "ChatGPT" */ = {
			isa = XCConfigurationList;
			buildConfigurations = (
				96D0E88629DB184A00AAB655 /* Debug */,
				96D0E88729DB184A00AAB655 /* Release */,
			);
			defaultConfigurationIsVisible = 0;
			defaultConfigurationName = Release;
		};
		96D0E88829DB184A00AAB655 /* Build configuration list for PBXNativeTarget "ChatGPT" */ = {
			isa = XCConfigurationList;
			buildConfigurations = (
				96D0E88929DB184A00AAB655 /* Debug */,
				96D0E88A29DB184A00AAB655 /* Release */,
			);
			defaultConfigurationIsVisible = 0;
			defaultConfigurationName = Release;
		};
/* End XCConfigurationList section */
	};
	rootObject = 96D0E87229DB184500AAB655 /* Project object */;
}
